Microsoft Visual Studio Solution File, Format Version 12.00
# Visual Studio 15
VisualStudioVersion = 15.0.27130.2036
MinimumVisualStudioVersion = 10.0.40219.1
Project("{D954291E-2A0B-460D-934E-DC6B0785DB48}") = "BouquetOfPain", "BouquetOfPain.shproj", "{6E7CB7E2-2431-4460-AB18-763D2B170199}"
EndProject
Project("{FAE04EC0-301F-11D3-BF4B-00C04F79EFBC}") = "BouquetOfPain.iOS", "iOS\BouquetOfPain.iOS.csproj", "{50299974-667E-4F4F-A1C9-319E454C3268}"
EndProject
Project("{FAE04EC0-301F-11D3-BF4B-00C04F79EFBC}") = "BouquetOfPain.Droid", "Droid\BouquetOfPain.Droid.csproj", "{5069A12A-3C48-4960-B339-CDBF78C6142F}"
EndProject
Global
	GlobalSection(SharedMSBuildProjectFiles) = preSolution
		BouquetOfPain.projitems*{50299974-667e-4f4f-a1c9-319e454c3268}*SharedItemsImports = 4
		BouquetOfPain.projitems*{5069a12a-3c48-4960-b339-cdbf78c6142f}*SharedItemsImports = 4
		BouquetOfPain.projitems*{6e7cb7e2-2431-4460-ab18-763d2b170199}*SharedItemsImports = 13
	EndGlobalSection
	GlobalSection(SolutionConfigurationPlatforms) = preSolution
		Debug|Any CPU = Debug|Any CPU
		Debug|iPhone = Debug|iPhone
		Debug|iPhoneSimulator = Debug|iPhoneSimulator
		Release|Any CPU = Release|Any CPU
		Release|iPhone = Release|iPhone
		Release|iPhoneSimulator = Release|iPhoneSimulator
	EndGlobalSection
	GlobalSection(ProjectConfigurationPlatforms) = postSolution
		{50299974-667E-4F4F-A1C9-319E454C3268}.Debug|Any CPU.ActiveCfg = Debug|iPhoneSimulator
		{50299974-667E-4F4F-A1C9-319E454C3268}.Debug|Any CPU.Build.0 = Debug|iPhoneSimulator
		{50299974-667E-4F4F-A1C9-319E454C3268}.Debug|iPhone.ActiveCfg = Debug|iPhone
		{50299974-667E-4F4F-A1C9-319E454C3268}.Debug|iPhone.Build.0 = Debug|iPhone
		{50299974-667E-4F4F-A1C9-319E454C3268}.Debug|iPhoneSimulator.ActiveCfg = Debug|iPhoneSimulator
		{50299974-667E-4F4F-A1C9-319E454C3268}.Debug|iPhoneSimulator.Build.0 = Debug|iPhoneSimulator
		{50299974-667E-4F4F-A1C9-319E454C3268}.Release|Any CPU.ActiveCfg = Release|iPhone
		{50299974-667E-4F4F-A1C9-319E454C3268}.Release|Any CPU.Build.0 = Release|iPhone
		{50299974-667E-4F4F-A1C9-319E454C3268}.Release|iPhone.ActiveCfg = Release|iPhone
		{50299974-667E-4F4F-A1C9-319E454C3268}.Release|iPhone.Build.0 = Release|iPhone
		{50299974-667E-4F4F-A1C9-319E454C3268}.Release|iPhoneSimulator.ActiveCfg = Release|iPhoneSimulator
		{50299974-667E-4F4F-A1C9-319E454C3268}.Release|iPhoneSimulator.Build.0 = Release|iPhoneSimulator
		{5069A12A-3C48-4960-B339-CDBF78C6142F}.Debug|Any CPU.ActiveCfg = Debug|Any CPU
		{5069A12A-3C48-4960-B339-CDBF78C6142F}.Debug|Any CPU.Build.0 = Debug|Any CPU
		{5069A12A-3C48-4960-B339-CDBF78C6142F}.Debug|iPhone.ActiveCfg = Debug|Any CPU
		{5069A12A-3C48-4960-B339-CDBF78C6142F}.Debug|iPhone.Build.0 = Debug|Any CPU
		{5069A12A-3C48-4960-B339-CDBF78C6142F}.Debug|iPhoneSimulator.ActiveCfg = Debug|Any CPU
		{5069A12A-3C48-4960-B339-CDBF78C6142F}.Debug|iPhoneSimulator.Build.0 = Debug|Any CPU
		{5069A12A-3C48-4960-B339-CDBF78C6142F}.Release|Any CPU.ActiveCfg = Release|Any CPU
		{5069A12A-3C48-4960-B339-CDBF78C6142F}.Release|Any CPU.Build.0 = Release|Any CPU
		{5069A12A-3C48-4960-B339-CDBF78C6142F}.Release|iPhone.ActiveCfg = Release|Any CPU
		{5069A12A-3C48-4960-B339-CDBF78C6142F}.Release|iPhone.Build.0 = Release|Any CPU
		{5069A12A-3C48-4960-B339-CDBF78C6142F}.Release|iPhoneSimulator.ActiveCfg = Release|Any CPU
		{5069A12A-3C48-4960-B339-CDBF78C6142F}.Release|iPhoneSimulator.Build.0 = Release|Any CPU
	EndGlobalSection
	GlobalSection(SolutionProperties) = preSolution
		HideSolutionNode = FALSE
	EndGlobalSection
	GlobalSection(ExtensibilityGlobals) = postSolution
		SolutionGuid = {2378135A-BB7A-4201-AA00-46F70067B3B2}
	EndGlobalSection
EndGlobal
